
Microsoft Visual Studio Solution File, Format Version 12.00
# Visual Studio Version 16
VisualStudioVersion = 16.0.30523.141
MinimumVisualStudioVersion = 10.0.40219.1
Project("{9A19103F-16F7-4668-BE54-9A1E7A4F7556}") = "Florea_Iulia_Lab2", "Florea_Iulia_Lab2\Florea_Iulia_Lab2.csproj", "{6FFCDDB3-CD24-433E-AE50-55F279A571B2}"
EndProject
Global
	GlobalSection(SolutionConfigurationPlatforms) = preSolution
		Debug|Any CPU = Debug|Any CPU
		Release|Any CPU = Release|Any CPU
	EndGlobalSection
	GlobalSection(ProjectConfigurationPlatforms) = postSolution
		{6FFCDDB3-CD24-433E-AE50-55F279A571B2}.Debug|Any CPU.ActiveCfg = Release|Any CPU
		{6FFCDDB3-CD24-433E-AE50-55F279A571B2}.Debug|Any CPU.Build.0 = Release|Any CPU
		{6FFCDDB3-CD24-433E-AE50-55F279A571B2}.Release|Any CPU.ActiveCfg = Release|Any CPU
		{6FFCDDB3-CD24-433E-AE50-55F279A571B2}.Release|Any CPU.Build.0 = Release|Any CPU
	EndGlobalSection
	GlobalSection(SolutionProperties) = preSolution
		HideSolutionNode = FALSE
	EndGlobalSection
	GlobalSection(ExtensibilityGlobals) = postSolution
		SolutionGuid = {6162931A-C4D9-4B55-9C30-DD2839E9A253}
	EndGlobalSection
EndGlobal
